
Microsoft Visual Studio Solution File, Format Version 12.00
# Visual Studio Version 16
VisualStudioVersion = 16.0.30804.86
MinimumVisualStudioVersion = 10.0.40219.1
Project("{9A19103F-16F7-4668-BE54-9A1E7A4F7556}") = "HostedServiceLab", "HostedServiceLab\HostedServiceLab.csproj", "{B5BE33EE-9256-48E1-90DE-0CE34CC0C67B}"
EndProject
Project("{9A19103F-16F7-4668-BE54-9A1E7A4F7556}") = "ObserverLab", "ObserverLab\ObserverLab.csproj", "{DCB3AB03-65E2-4DFC-8CEF-6B184BE78E68}"
EndProject
Project("{9A19103F-16F7-4668-BE54-9A1E7A4F7556}") = "DiagnosticSourceLab", "DiagnosticSourceLab\DiagnosticSourceLab.csproj", "{E8D1C4A0-D004-4DD7-BC96-E9E06DD34EEC}"
EndProject
Project("{9A19103F-16F7-4668-BE54-9A1E7A4F7556}") = "OpenTelemetryLab", "OpenTelemetryLab\OpenTelemetryLab.csproj", "{206765B6-9307-4708-B0FA-6EF9BF57AF6E}"
EndProject
Project("{9A19103F-16F7-4668-BE54-9A1E7A4F7556}") = "ActivitySourceLab", "ActivitySourceLab\ActivitySourceLab.csproj", "{987F3083-E4A9-468C-B4BA-0B3F230A98AA}"
EndProject
Project("{9A19103F-16F7-4668-BE54-9A1E7A4F7556}") = "TraceContextLab", "TraceContextLab\TraceContextLab.csproj", "{EB958D50-6DE1-45E3-84CD-549887DC8FA2}"
EndProject
Project("{9A19103F-16F7-4668-BE54-9A1E7A4F7556}") = "TraceContextLab.SubService", "TraceContextLab.SubService\TraceContextLab.SubService.csproj", "{75444640-D8AB-4FA2-8B36-088245971DE2}"
EndProject
Project("{9A19103F-16F7-4668-BE54-9A1E7A4F7556}") = "RegisterModuleLab", "RegisterModuleLab\RegisterModuleLab.csproj", "{23DB179A-15C3-45F4-BA2D-7E48CA7085CC}"
EndProject
Project("{2150E333-8FDC-42A3-9474-1A3956D46DE8}") = "Shared", "Shared", "{291105FC-F6CD-4BE1-AE6A-6CAFF50A3F0E}"
EndProject
Project("{9A19103F-16F7-4668-BE54-9A1E7A4F7556}") = "TemplateLab", "TemplateLab\TemplateLab.csproj", "{5F101EA2-4448-4A1C-9359-FB79BE09D601}"
EndProject
Project("{9A19103F-16F7-4668-BE54-9A1E7A4F7556}") = "AutoActivateLab", "AutoActivateLab\AutoActivateLab.csproj", "{CD4C8995-21BE-44D6-AE80-0BFC6CEC376A}"
EndProject
Project("{9A19103F-16F7-4668-BE54-9A1E7A4F7556}") = "ConfigurationLab", "ConfigurationLab\ConfigurationLab.csproj", "{2B9A9984-12C5-4013-90F6-C367985BCCD1}"
EndProject
Project("{9A19103F-16F7-4668-BE54-9A1E7A4F7556}") = "QuartzLab", "QuartzLab\QuartzLab.csproj", "{5A2CEAF5-0A0F-46EC-B91A-729149C14F98}"
EndProject
Project("{FAE04EC0-301F-11D3-BF4B-00C04F79EFBC}") = "OptionsLab", "OptionsLab\OptionsLab.csproj", "{5F689877-D493-4DD0-9E39-EFCA0F51DA10}"
EndProject
Project("{FAE04EC0-301F-11D3-BF4B-00C04F79EFBC}") = "ProgramServiceLab", "ProgramServiceLab\ProgramServiceLab.csproj", "{77C38232-D8E6-43D6-9D00-BD0E353BCE19}"
EndProject
Global
	GlobalSection(SolutionConfigurationPlatforms) = preSolution
		Debug|Any CPU = Debug|Any CPU
		Release|Any CPU = Release|Any CPU
	EndGlobalSection
	GlobalSection(ProjectConfigurationPlatforms) = postSolution
		{B5BE33EE-9256-48E1-90DE-0CE34CC0C67B}.Debug|Any CPU.ActiveCfg = Debug|Any CPU
		{B5BE33EE-9256-48E1-90DE-0CE34CC0C67B}.Debug|Any CPU.Build.0 = Debug|Any CPU
		{B5BE33EE-9256-48E1-90DE-0CE34CC0C67B}.Release|Any CPU.ActiveCfg = Release|Any CPU
		{B5BE33EE-9256-48E1-90DE-0CE34CC0C67B}.Release|Any CPU.Build.0 = Release|Any CPU
		{DCB3AB03-65E2-4DFC-8CEF-6B184BE78E68}.Debug|Any CPU.ActiveCfg = Debug|Any CPU
		{DCB3AB03-65E2-4DFC-8CEF-6B184BE78E68}.Debug|Any CPU.Build.0 = Debug|Any CPU
		{DCB3AB03-65E2-4DFC-8CEF-6B184BE78E68}.Release|Any CPU.ActiveCfg = Release|Any CPU
		{DCB3AB03-65E2-4DFC-8CEF-6B184BE78E68}.Release|Any CPU.Build.0 = Release|Any CPU
		{E8D1C4A0-D004-4DD7-BC96-E9E06DD34EEC}.Debug|Any CPU.ActiveCfg = Debug|Any CPU
		{E8D1C4A0-D004-4DD7-BC96-E9E06DD34EEC}.Debug|Any CPU.Build.0 = Debug|Any CPU
		{E8D1C4A0-D004-4DD7-BC96-E9E06DD34EEC}.Release|Any CPU.ActiveCfg = Release|Any CPU
		{E8D1C4A0-D004-4DD7-BC96-E9E06DD34EEC}.Release|Any CPU.Build.0 = Release|Any CPU
		{206765B6-9307-4708-B0FA-6EF9BF57AF6E}.Debug|Any CPU.ActiveCfg = Debug|Any CPU
		{206765B6-9307-4708-B0FA-6EF9BF57AF6E}.Debug|Any CPU.Build.0 = Debug|Any CPU
		{206765B6-9307-4708-B0FA-6EF9BF57AF6E}.Release|Any CPU.ActiveCfg = Release|Any CPU
		{206765B6-9307-4708-B0FA-6EF9BF57AF6E}.Release|Any CPU.Build.0 = Release|Any CPU
		{987F3083-E4A9-468C-B4BA-0B3F230A98AA}.Debug|Any CPU.ActiveCfg = Debug|Any CPU
		{987F3083-E4A9-468C-B4BA-0B3F230A98AA}.Debug|Any CPU.Build.0 = Debug|Any CPU
		{987F3083-E4A9-468C-B4BA-0B3F230A98AA}.Release|Any CPU.ActiveCfg = Release|Any CPU
		{987F3083-E4A9-468C-B4BA-0B3F230A98AA}.Release|Any CPU.Build.0 = Release|Any CPU
		{EB958D50-6DE1-45E3-84CD-549887DC8FA2}.Debug|Any CPU.ActiveCfg = Debug|Any CPU
		{EB958D50-6DE1-45E3-84CD-549887DC8FA2}.Debug|Any CPU.Build.0 = Debug|Any CPU
		{EB958D50-6DE1-45E3-84CD-549887DC8FA2}.Release|Any CPU.ActiveCfg = Release|Any CPU
		{EB958D50-6DE1-45E3-84CD-549887DC8FA2}.Release|Any CPU.Build.0 = Release|Any CPU
		{75444640-D8AB-4FA2-8B36-088245971DE2}.Debug|Any CPU.ActiveCfg = Debug|Any CPU
		{75444640-D8AB-4FA2-8B36-088245971DE2}.Debug|Any CPU.Build.0 = Debug|Any CPU
		{75444640-D8AB-4FA2-8B36-088245971DE2}.Release|Any CPU.ActiveCfg = Release|Any CPU
		{75444640-D8AB-4FA2-8B36-088245971DE2}.Release|Any CPU.Build.0 = Release|Any CPU
		{23DB179A-15C3-45F4-BA2D-7E48CA7085CC}.Debug|Any CPU.ActiveCfg = Debug|Any CPU
		{23DB179A-15C3-45F4-BA2D-7E48CA7085CC}.Debug|Any CPU.Build.0 = Debug|Any CPU
		{23DB179A-15C3-45F4-BA2D-7E48CA7085CC}.Release|Any CPU.ActiveCfg = Release|Any CPU
		{23DB179A-15C3-45F4-BA2D-7E48CA7085CC}.Release|Any CPU.Build.0 = Release|Any CPU
		{5F101EA2-4448-4A1C-9359-FB79BE09D601}.Debug|Any CPU.ActiveCfg = Debug|Any CPU
		{5F101EA2-4448-4A1C-9359-FB79BE09D601}.Debug|Any CPU.Build.0 = Debug|Any CPU
		{5F101EA2-4448-4A1C-9359-FB79BE09D601}.Release|Any CPU.ActiveCfg = Release|Any CPU
		{5F101EA2-4448-4A1C-9359-FB79BE09D601}.Release|Any CPU.Build.0 = Release|Any CPU
		{CD4C8995-21BE-44D6-AE80-0BFC6CEC376A}.Debug|Any CPU.ActiveCfg = Debug|Any CPU
		{CD4C8995-21BE-44D6-AE80-0BFC6CEC376A}.Debug|Any CPU.Build.0 = Debug|Any CPU
		{CD4C8995-21BE-44D6-AE80-0BFC6CEC376A}.Release|Any CPU.ActiveCfg = Release|Any CPU
		{CD4C8995-21BE-44D6-AE80-0BFC6CEC376A}.Release|Any CPU.Build.0 = Release|Any CPU
		{2B9A9984-12C5-4013-90F6-C367985BCCD1}.Debug|Any CPU.ActiveCfg = Debug|Any CPU
		{2B9A9984-12C5-4013-90F6-C367985BCCD1}.Debug|Any CPU.Build.0 = Debug|Any CPU
		{2B9A9984-12C5-4013-90F6-C367985BCCD1}.Release|Any CPU.ActiveCfg = Release|Any CPU
		{2B9A9984-12C5-4013-90F6-C367985BCCD1}.Release|Any CPU.Build.0 = Release|Any CPU
		{5A2CEAF5-0A0F-46EC-B91A-729149C14F98}.Debug|Any CPU.ActiveCfg = Debug|Any CPU
		{5A2CEAF5-0A0F-46EC-B91A-729149C14F98}.Debug|Any CPU.Build.0 = Debug|Any CPU
		{5A2CEAF5-0A0F-46EC-B91A-729149C14F98}.Release|Any CPU.ActiveCfg = Release|Any CPU
		{5A2CEAF5-0A0F-46EC-B91A-729149C14F98}.Release|Any CPU.Build.0 = Release|Any CPU
		{5F689877-D493-4DD0-9E39-EFCA0F51DA10}.Debug|Any CPU.ActiveCfg = Debug|Any CPU
		{5F689877-D493-4DD0-9E39-EFCA0F51DA10}.Debug|Any CPU.Build.0 = Debug|Any CPU
		{5F689877-D493-4DD0-9E39-EFCA0F51DA10}.Release|Any CPU.ActiveCfg = Release|Any CPU
		{5F689877-D493-4DD0-9E39-EFCA0F51DA10}.Release|Any CPU.Build.0 = Release|Any CPU
		{77C38232-D8E6-43D6-9D00-BD0E353BCE19}.Debug|Any CPU.ActiveCfg = Debug|Any CPU
		{77C38232-D8E6-43D6-9D00-BD0E353BCE19}.Debug|Any CPU.Build.0 = Debug|Any CPU
		{77C38232-D8E6-43D6-9D00-BD0E353BCE19}.Release|Any CPU.ActiveCfg = Release|Any CPU
		{77C38232-D8E6-43D6-9D00-BD0E353BCE19}.Release|Any CPU.Build.0 = Release|Any CPU
	EndGlobalSection
	GlobalSection(SolutionProperties) = preSolution
		HideSolutionNode = FALSE
	EndGlobalSection
	GlobalSection(NestedProjects) = preSolution
		{5F101EA2-4448-4A1C-9359-FB79BE09D601} = {291105FC-F6CD-4BE1-AE6A-6CAFF50A3F0E}
	EndGlobalSection
	GlobalSection(ExtensibilityGlobals) = postSolution
		SolutionGuid = {D258BC6B-DA7B-460C-A772-4E72B345F41B}
	EndGlobalSection
EndGlobal
